// !$*UTF8*$!
{
	archiveVersion = 1;
	classes = {
	};
	objectVersion = 46;
	objects = {

/* Begin PBXBuildFile section */
		2A1ED59B1C500E900082E4FF /* AppDelegate.swift in Sources */ = {isa = PBXBuildFile; fileRef = 2A1ED59A1C500E900082E4FF /* AppDelegate.swift */; };
		2A1ED59D1C500E900082E4FF /* ViewController.swift in Sources */ = {isa = PBXBuildFile; fileRef = 2A1ED59C1C500E900082E4FF /* ViewController.swift */; };
		2A1ED5A01C500E900082E4FF /* Main.storyboard in Resources */ = {isa = PBXBuildFile; fileRef = 2A1ED59E1C500E900082E4FF /* Main.storyboard */; };
		2A1ED5A21C500E900082E4FF /* Assets.xcassets in Resources */ = {isa = PBXBuildFile; fileRef = 2A1ED5A11C500E900082E4FF /* Assets.xcassets */; };
		2A1ED5A51C500E900082E4FF /* LaunchScreen.storyboard in Resources */ = {isa = PBXBuildFile; fileRef = 2A1ED5A31C500E900082E4FF /* LaunchScreen.storyboard */; };
		2A1ED5B01C500E900082E4FF /* ParseProjectTests.swift in Sources */ = {isa = PBXBuildFile; fileRef = 2A1ED5AF1C500E900082E4FF /* ParseProjectTests.swift */; };
		2A1ED5BB1C500E910082E4FF /* ParseProjectUITests.swift in Sources */ = {isa = PBXBuildFile; fileRef = 2A1ED5BA1C500E910082E4FF /* ParseProjectUITests.swift */; };
		2A1ED5C91C500F3C0082E4FF /* Podfile in Resources */ = {isa = PBXBuildFile; fileRef = 2A1ED5C81C500F3C0082E4FF /* Podfile */; };
		2A1ED5D91C501B560082E4FF /* AudioToolbox.framework in Frameworks */ = {isa = PBXBuildFile; fileRef = 2A1ED5D81C501B560082E4FF /* AudioToolbox.framework */; };
		2A1ED5DB1C501B5E0082E4FF /* CFNetwork.framework in Frameworks */ = {isa = PBXBuildFile; fileRef = 2A1ED5DA1C501B5E0082E4FF /* CFNetwork.framework */; };
		2A1ED5DD1C501B660082E4FF /* CoreGraphics.framework in Frameworks */ = {isa = PBXBuildFile; fileRef = 2A1ED5DC1C501B660082E4FF /* CoreGraphics.framework */; };
		2A1ED5DF1C501B6E0082E4FF /* CoreLocation.framework in Frameworks */ = {isa = PBXBuildFile; fileRef = 2A1ED5DE1C501B6E0082E4FF /* CoreLocation.framework */; };
		2A1ED5E11C501B830082E4FF /* QuartzCore.framework in Frameworks */ = {isa = PBXBuildFile; fileRef = 2A1ED5E01C501B830082E4FF /* QuartzCore.framework */; };
		2A1ED5E31C501B900082E4FF /* Security.framework in Frameworks */ = {isa = PBXBuildFile; fileRef = 2A1ED5E21C501B900082E4FF /* Security.framework */; };
		2A1ED5E51C501B9A0082E4FF /* StoreKit.framework in Frameworks */ = {isa = PBXBuildFile; fileRef = 2A1ED5E41C501B9A0082E4FF /* StoreKit.framework */; };
		2A1ED5E71C501BAE0082E4FF /* SystemConfiguration.framework in Frameworks */ = {isa = PBXBuildFile; fileRef = 2A1ED5E61C501BAE0082E4FF /* SystemConfiguration.framework */; };
		2A1ED5E91C501BB80082E4FF /* libz.tbd in Frameworks */ = {isa = PBXBuildFile; fileRef = 2A1ED5E81C501BB80082E4FF /* libz.tbd */; };
		2A1ED5EB1C501BC70082E4FF /* libsqlite3.tbd in Frameworks */ = {isa = PBXBuildFile; fileRef = 2A1ED5EA1C501BC70082E4FF /* libsqlite3.tbd */; };
		2A1ED5F61C514AA00082E4FF /* ParseFacebookUtils.framework in Frameworks */ = {isa = PBXBuildFile; fileRef = 2A1ED5F01C514AA00082E4FF /* ParseFacebookUtils.framework */; };
		2A1ED5F71C514AA00082E4FF /* ParseFacebookUtilsV4.framework in Frameworks */ = {isa = PBXBuildFile; fileRef = 2A1ED5F11C514AA00082E4FF /* ParseFacebookUtilsV4.framework */; };
		2A1ED5F81C514AA00082E4FF /* ParseTwitterUtils.framework in Frameworks */ = {isa = PBXBuildFile; fileRef = 2A1ED5F21C514AA00082E4FF /* ParseTwitterUtils.framework */; };
		2A1ED5F91C514AA00082E4FF /* ParseUI.framework in Frameworks */ = {isa = PBXBuildFile; fileRef = 2A1ED5F31C514AA00082E4FF /* ParseUI.framework */; };
		2A1ED5FA1C514AA00082E4FF /* Bolts.framework in Frameworks */ = {isa = PBXBuildFile; fileRef = 2A1ED5F41C514AA00082E4FF /* Bolts.framework */; };
		2A1ED5FB1C514AA00082E4FF /* Parse.framework in Frameworks */ = {isa = PBXBuildFile; fileRef = 2A1ED5F51C514AA00082E4FF /* Parse.framework */; };
/* End PBXBuildFile section */

/* Begin PBXContainerItemProxy section */
		2A1ED5AC1C500E900082E4FF /* PBXContainerItemProxy */ = {
			isa = PBXContainerItemProxy;
			containerPortal = 2A1ED58F1C500E900082E4FF /* Project object */;
			proxyType = 1;
			remoteGlobalIDString = 2A1ED5961C500E900082E4FF;
			remoteInfo = ParseProject;
		};
		2A1ED5B71C500E900082E4FF /* PBXContainerItemProxy */ = {
			isa = PBXContainerItemProxy;
			containerPortal = 2A1ED58F1C500E900082E4FF /* Project object */;
			proxyType = 1;
			remoteGlobalIDString = 2A1ED5961C500E900082E4FF;
			remoteInfo = ParseProject;
		};
/* End PBXContainerItemProxy section */

/* Begin PBXFileReference section */
		2A1ED5971C500E900082E4FF /* ParseProject.app */ = {isa = PBXFileReference; explicitFileType = wrapper.application; includeInIndex = 0; path = ParseProject.app; sourceTree = BUILT_PRODUCTS_DIR; };
		2A1ED59A1C500E900082E4FF /* AppDelegate.swift */ = {isa = PBXFileReference; lastKnownFileType = sourcecode.swift; path = AppDelegate.swift; sourceTree = "<group>"; };
		2A1ED59C1C500E900082E4FF /* ViewController.swift */ = {isa = PBXFileReference; lastKnownFileType = sourcecode.swift; path = ViewController.swift; sourceTree = "<group>"; };
		2A1ED59F1C500E900082E4FF /* Base */ = {isa = PBXFileReference; lastKnownFileType = file.storyboard; name = Base; path = Base.lproj/Main.storyboard; sourceTree = "<group>"; };
		2A1ED5A11C500E900082E4FF /* Assets.xcassets */ = {isa = PBXFileReference; lastKnownFileType = folder.assetcatalog; path = Assets.xcassets; sourceTree = "<group>"; };
		2A1ED5A41C500E900082E4FF /* Base */ = {isa = PBXFileReference; lastKnownFileType = file.storyboard; name = Base; path = Base.lproj/LaunchScreen.storyboard; sourceTree = "<group>"; };
		2A1ED5A61C500E900082E4FF /* Info.plist */ = {isa = PBXFileReference; lastKnownFileType = text.plist.xml; path = Info.plist; sourceTree = "<group>"; };
		2A1ED5AB1C500E900082E4FF /* ParseProjectTests.xctest */ = {isa = PBXFileReference; explicitFileType = wrapper.cfbundle; includeInIndex = 0; path = ParseProjectTests.xctest; sourceTree = BUILT_PRODUCTS_DIR; };
		2A1ED5AF1C500E900082E4FF /* ParseProjectTests.swift */ = {isa = PBXFileReference; lastKnownFileType = sourcecode.swift; path = ParseProjectTests.swift; sourceTree = "<group>"; };
		2A1ED5B11C500E900082E4FF /* Info.plist */ = {isa = PBXFileReference; lastKnownFileType = text.plist.xml; path = Info.plist; sourceTree = "<group>"; };
		2A1ED5B61C500E900082E4FF /* ParseProjectUITests.xctest */ = {isa = PBXFileReference; explicitFileType = wrapper.cfbundle; includeInIndex = 0; path = ParseProjectUITests.xctest; sourceTree = BUILT_PRODUCTS_DIR; };
		2A1ED5BA1C500E910082E4FF /* ParseProjectUITests.swift */ = {isa = PBXFileReference; lastKnownFileType = sourcecode.swift; path = ParseProjectUITests.swift; sourceTree = "<group>"; };
		2A1ED5BC1C500E910082E4FF /* Info.plist */ = {isa = PBXFileReference; lastKnownFileType = text.plist.xml; path = Info.plist; sourceTree = "<group>"; };
		2A1ED5C81C500F3C0082E4FF /* Podfile */ = {isa = PBXFileReference; fileEncoding = 4; lastKnownFileType = text; path = Podfile; sourceTree = "<group>"; };
		2A1ED5D81C501B560082E4FF /* AudioToolbox.framework */ = {isa = PBXFileReference; lastKnownFileType = wrapper.framework; name = AudioToolbox.framework; path = System/Library/Frameworks/AudioToolbox.framework; sourceTree = SDKROOT; };
		2A1ED5DA1C501B5E0082E4FF /* CFNetwork.framework */ = {isa = PBXFileReference; lastKnownFileType = wrapper.framework; name = CFNetwork.framework; path = System/Library/Frameworks/CFNetwork.framework; sourceTree = SDKROOT; };
		2A1ED5DC1C501B660082E4FF /* CoreGraphics.framework */ = {isa = PBXFileReference; lastKnownFileType = wrapper.framework; name = CoreGraphics.framework; path = System/Library/Frameworks/CoreGraphics.framework; sourceTree = SDKROOT; };
		2A1ED5DE1C501B6E0082E4FF /* CoreLocation.framework */ = {isa = PBXFileReference; lastKnownFileType = wrapper.framework; name = CoreLocation.framework; path = System/Library/Frameworks/CoreLocation.framework; sourceTree = SDKROOT; };
		2A1ED5E01C501B830082E4FF /* QuartzCore.framework */ = {isa = PBXFileReference; lastKnownFileType = wrapper.framework; name = QuartzCore.framework; path = System/Library/Frameworks/QuartzCore.framework; sourceTree = SDKROOT; };
		2A1ED5E21C501B900082E4FF /* Security.framework */ = {isa = PBXFileReference; lastKnownFileType = wrapper.framework; name = Security.framework; path = System/Library/Frameworks/Security.framework; sourceTree = SDKROOT; };
		2A1ED5E41C501B9A0082E4FF /* StoreKit.framework */ = {isa = PBXFileReference; lastKnownFileType = wrapper.framework; name = StoreKit.framework; path = System/Library/Frameworks/StoreKit.framework; sourceTree = SDKROOT; };
		2A1ED5E61C501BAE0082E4FF /* SystemConfiguration.framework */ = {isa = PBXFileReference; lastKnownFileType = wrapper.framework; name = SystemConfiguration.framework; path = System/Library/Frameworks/SystemConfiguration.framework; sourceTree = SDKROOT; };
		2A1ED5E81C501BB80082E4FF /* libz.tbd */ = {isa = PBXFileReference; lastKnownFileType = "sourcecode.text-based-dylib-definition"; name = libz.tbd; path = usr/lib/libz.tbd; sourceTree = SDKROOT; };
		2A1ED5EA1C501BC70082E4FF /* libsqlite3.tbd */ = {isa = PBXFileReference; lastKnownFileType = "sourcecode.text-based-dylib-definition"; name = libsqlite3.tbd; path = usr/lib/libsqlite3.tbd; sourceTree = SDKROOT; };
		2A1ED5F01C514AA00082E4FF /* ParseFacebookUtils.framework */ = {isa = PBXFileReference; lastKnownFileType = wrapper.framework; path = ParseFacebookUtils.framework; sourceTree = "<group>"; };
		2A1ED5F11C514AA00082E4FF /* ParseFacebookUtilsV4.framework */ = {isa = PBXFileReference; lastKnownFileType = wrapper.framework; path = ParseFacebookUtilsV4.framework; sourceTree = "<group>"; };
		2A1ED5F21C514AA00082E4FF /* ParseTwitterUtils.framework */ = {isa = PBXFileReference; lastKnownFileType = wrapper.framework; path = ParseTwitterUtils.framework; sourceTree = "<group>"; };
		2A1ED5F31C514AA00082E4FF /* ParseUI.framework */ = {isa = PBXFileReference; lastKnownFileType = wrapper.framework; path = ParseUI.framework; sourceTree = "<group>"; };
		2A1ED5F41C514AA00082E4FF /* Bolts.framework */ = {isa = PBXFileReference; lastKnownFileType = wrapper.framework; path = Bolts.framework; sourceTree = "<group>"; };
		2A1ED5F51C514AA00082E4FF /* Parse.framework */ = {isa = PBXFileReference; lastKnownFileType = wrapper.framework; path = Parse.framework; sourceTree = "<group>"; };
/* End PBXFileReference section */

/* Begin PBXFrameworksBuildPhase section */
		2A1ED5941C500E900082E4FF /* Frameworks */ = {
			isa = PBXFrameworksBuildPhase;
			buildActionMask = 2147483647;
			files = (
				2A1ED5FA1C514AA00082E4FF /* Bolts.framework in Frameworks */,
				2A1ED5EB1C501BC70082E4FF /* libsqlite3.tbd in Frameworks */,
				2A1ED5E91C501BB80082E4FF /* libz.tbd in Frameworks */,
				2A1ED5F91C514AA00082E4FF /* ParseUI.framework in Frameworks */,
				2A1ED5F71C514AA00082E4FF /* ParseFacebookUtilsV4.framework in Frameworks */,
				2A1ED5E71C501BAE0082E4FF /* SystemConfiguration.framework in Frameworks */,
				2A1ED5FB1C514AA00082E4FF /* Parse.framework in Frameworks */,
				2A1ED5E51C501B9A0082E4FF /* StoreKit.framework in Frameworks */,
				2A1ED5E31C501B900082E4FF /* Security.framework in Frameworks */,
				2A1ED5F81C514AA00082E4FF /* ParseTwitterUtils.framework in Frameworks */,
				2A1ED5E11C501B830082E4FF /* QuartzCore.framework in Frameworks */,
				2A1ED5DF1C501B6E0082E4FF /* CoreLocation.framework in Frameworks */,
				2A1ED5F61C514AA00082E4FF /* ParseFacebookUtils.framework in Frameworks */,
				2A1ED5DD1C501B660082E4FF /* CoreGraphics.framework in Frameworks */,
				2A1ED5DB1C501B5E0082E4FF /* CFNetwork.framework in Frameworks */,
				2A1ED5D91C501B560082E4FF /* AudioToolbox.framework in Frameworks */,
			);
			runOnlyForDeploymentPostprocessing = 0;
		};
		2A1ED5A81C500E900082E4FF /* Frameworks */ = {
			isa = PBXFrameworksBuildPhase;
			buildActionMask = 2147483647;
			files = (
			);
			runOnlyForDeploymentPostprocessing = 0;
		};
		2A1ED5B31C500E900082E4FF /* Frameworks */ = {
			isa = PBXFrameworksBuildPhase;
			buildActionMask = 2147483647;
			files = (
			);
			runOnlyForDeploymentPostprocessing = 0;
		};
/* End PBXFrameworksBuildPhase section */

/* Begin PBXGroup section */
		2A1ED58E1C500E900082E4FF = {
			isa = PBXGroup;
			children = (
				2A1ED5991C500E900082E4FF /* ParseProject */,
				2A1ED5AE1C500E900082E4FF /* ParseProjectTests */,
				2A1ED5B91C500E910082E4FF /* ParseProjectUITests */,
				2A1ED5981C500E900082E4FF /* Products */,
				2A1ED5EE1C5149AA0082E4FF /* Librerias terceras */,
				2A1ED5C81C500F3C0082E4FF /* Podfile */,
			);
			sourceTree = "<group>";
		};
		2A1ED5981C500E900082E4FF /* Products */ = {
			isa = PBXGroup;
			children = (
				2A1ED5971C500E900082E4FF /* ParseProject.app */,
				2A1ED5AB1C500E900082E4FF /* ParseProjectTests.xctest */,
				2A1ED5B61C500E900082E4FF /* ParseProjectUITests.xctest */,
			);
			name = Products;
			sourceTree = "<group>";
		};
		2A1ED5991C500E900082E4FF /* ParseProject */ = {
			isa = PBXGroup;
			children = (
				2A1ED59A1C500E900082E4FF /* AppDelegate.swift */,
				2A1ED59C1C500E900082E4FF /* ViewController.swift */,
				2A1ED59E1C500E900082E4FF /* Main.storyboard */,
				2A1ED5A11C500E900082E4FF /* Assets.xcassets */,
				2A1ED5A31C500E900082E4FF /* LaunchScreen.storyboard */,
				2A1ED5A61C500E900082E4FF /* Info.plist */,
			);
			path = ParseProject;
			sourceTree = "<group>";
		};
		2A1ED5AE1C500E900082E4FF /* ParseProjectTests */ = {
			isa = PBXGroup;
			children = (
				2A1ED5AF1C500E900082E4FF /* ParseProjectTests.swift */,
				2A1ED5B11C500E900082E4FF /* Info.plist */,
			);
			path = ParseProjectTests;
			sourceTree = "<group>";
		};
		2A1ED5B91C500E910082E4FF /* ParseProjectUITests */ = {
			isa = PBXGroup;
			children = (
				2A1ED5BA1C500E910082E4FF /* ParseProjectUITests.swift */,
				2A1ED5BC1C500E910082E4FF /* Info.plist */,
			);
			path = ParseProjectUITests;
			sourceTree = "<group>";
		};
		2A1ED5EE1C5149AA0082E4FF /* Librerias terceras */ = {
			isa = PBXGroup;
			children = (
				2A1ED5EF1C514A310082E4FF /* Parse */,
				2A1ED5EA1C501BC70082E4FF /* libsqlite3.tbd */,
				2A1ED5E81C501BB80082E4FF /* libz.tbd */,
				2A1ED5E61C501BAE0082E4FF /* SystemConfiguration.framework */,
				2A1ED5E41C501B9A0082E4FF /* StoreKit.framework */,
				2A1ED5E21C501B900082E4FF /* Security.framework */,
				2A1ED5E01C501B830082E4FF /* QuartzCore.framework */,
				2A1ED5DE1C501B6E0082E4FF /* CoreLocation.framework */,
				2A1ED5DC1C501B660082E4FF /* CoreGraphics.framework */,
				2A1ED5DA1C501B5E0082E4FF /* CFNetwork.framework */,
				2A1ED5D81C501B560082E4FF /* AudioToolbox.framework */,
			);
			name = "Librerias terceras";
			sourceTree = "<group>";
		};
		2A1ED5EF1C514A310082E4FF /* Parse */ = {
			isa = PBXGroup;
			children = (
				2A1ED5F01C514AA00082E4FF /* ParseFacebookUtils.framework */,
				2A1ED5F11C514AA00082E4FF /* ParseFacebookUtilsV4.framework */,
				2A1ED5F21C514AA00082E4FF /* ParseTwitterUtils.framework */,
				2A1ED5F31C514AA00082E4FF /* ParseUI.framework */,
				2A1ED5F41C514AA00082E4FF /* Bolts.framework */,
				2A1ED5F51C514AA00082E4FF /* Parse.framework */,
			);
			name = Parse;
			sourceTree = "<group>";
		};
/* End PBXGroup section */

/* Begin PBXNativeTarget section */
		2A1ED5961C500E900082E4FF /* ParseProject */ = {
			isa = PBXNativeTarget;
			buildConfigurationList = 2A1ED5BF1C500E910082E4FF /* Build configuration list for PBXNativeTarget "ParseProject" */;
			buildPhases = (
				2A1ED5931C500E900082E4FF /* Sources */,
				2A1ED5941C500E900082E4FF /* Frameworks */,
				2A1ED5951C500E900082E4FF /* Resources */,
			);
			buildRules = (
			);
			dependencies = (
			);
			name = ParseProject;
			productName = ParseProject;
			productReference = 2A1ED5971C500E900082E4FF /* ParseProject.app */;
			productType = "com.apple.product-type.application";
		};
		2A1ED5AA1C500E900082E4FF /* ParseProjectTests */ = {
			isa = PBXNativeTarget;
			buildConfigurationList = 2A1ED5C21C500E910082E4FF /* Build configuration list for PBXNativeTarget "ParseProjectTests" */;
			buildPhases = (
				2A1ED5A71C500E900082E4FF /* Sources */,
				2A1ED5A81C500E900082E4FF /* Frameworks */,
				2A1ED5A91C500E900082E4FF /* Resources */,
			);
			buildRules = (
			);
			dependencies = (
				2A1ED5AD1C500E900082E4FF /* PBXTargetDependency */,
			);
			name = ParseProjectTests;
			productName = ParseProjectTests;
			productReference = 2A1ED5AB1C500E900082E4FF /* ParseProjectTests.xctest */;
			productType = "com.apple.product-type.bundle.unit-test";
		};
		2A1ED5B51C500E900082E4FF /* ParseProjectUITests */ = {
			isa = PBXNativeTarget;
			buildConfigurationList = 2A1ED5C51C500E910082E4FF /* Build configuration list for PBXNativeTarget "ParseProjectUITests" */;
			buildPhases = (
				2A1ED5B21C500E900082E4FF /* Sources */,
				2A1ED5B31C500E900082E4FF /* Frameworks */,
				2A1ED5B41C500E900082E4FF /* Resources */,
			);
			buildRules = (
			);
			dependencies = (
				2A1ED5B81C500E900082E4FF /* PBXTargetDependency */,
			);
			name = ParseProjectUITests;
			productName = ParseProjectUITests;
			productReference = 2A1ED5B61C500E900082E4FF /* ParseProjectUITests.xctest */;
			productType = "com.apple.product-type.bundle.ui-testing";
		};
/* End PBXNativeTarget section */

/* Begin PBXProject section */
		2A1ED58F1C500E900082E4FF /* Project object */ = {
			isa = PBXProject;
			attributes = {
				LastSwiftUpdateCheck = 0720;
				LastUpgradeCheck = 0720;
				ORGANIZATIONNAME = "Emmanuel Cuevas";
				TargetAttributes = {
					2A1ED5961C500E900082E4FF = {
						CreatedOnToolsVersion = 7.2;
						DevelopmentTeam = PP64RT7P8Z;
					};
					2A1ED5AA1C500E900082E4FF = {
						CreatedOnToolsVersion = 7.2;
						TestTargetID = 2A1ED5961C500E900082E4FF;
					};
					2A1ED5B51C500E900082E4FF = {
						CreatedOnToolsVersion = 7.2;
						TestTargetID = 2A1ED5961C500E900082E4FF;
					};
				};
			};
			buildConfigurationList = 2A1ED5921C500E900082E4FF /* Build configuration list for PBXProject "ParseProject" */;
			compatibilityVersion = "Xcode 3.2";
			developmentRegion = English;
			hasScannedForEncodings = 0;
			knownRegions = (
				en,
				Base,
			);
			mainGroup = 2A1ED58E1C500E900082E4FF;
			productRefGroup = 2A1ED5981C500E900082E4FF /* Products */;
			projectDirPath = "";
			projectRoot = "";
			targets = (
				2A1ED5961C500E900082E4FF /* ParseProject */,
				2A1ED5AA1C500E900082E4FF /* ParseProjectTests */,
				2A1ED5B51C500E900082E4FF /* ParseProjectUITests */,
			);
		};
/* End PBXProject section */

/* Begin PBXResourcesBuildPhase section */
		2A1ED5951C500E900082E4FF /* Resources */ = {
			isa = PBXResourcesBuildPhase;
			buildActionMask = 2147483647;
			files = (
				2A1ED5A51C500E900082E4FF /* LaunchScreen.storyboard in Resources */,
				2A1ED5A21C500E900082E4FF /* Assets.xcassets in Resources */,
				2A1ED5C91C500F3C0082E4FF /* Podfile in Resources */,
				2A1ED5A01C500E900082E4FF /* Main.storyboard in Resources */,
			);
			runOnlyForDeploymentPostprocessing = 0;
		};
		2A1ED5A91C500E900082E4FF /* Resources */ = {
			isa = PBXResourcesBuildPhase;
			buildActionMask = 2147483647;
			files = (
			);
			runOnlyForDeploymentPostprocessing = 0;
		};
		2A1ED5B41C500E900082E4FF /* Resources */ = {
			isa = PBXResourcesBuildPhase;
			buildActionMask = 2147483647;
			files = (
			);
			runOnlyForDeploymentPostprocessing = 0;
		};
/* End PBXResourcesBuildPhase section */

/* Begin PBXSourcesBuildPhase section */
		2A1ED5931C500E900082E4FF /* Sources */ = {
			isa = PBXSourcesBuildPhase;
			buildActionMask = 2147483647;
			files = (
				2A1ED59D1C500E900082E4FF /* ViewController.swift in Sources */,
				2A1ED59B1C500E900082E4FF /* AppDelegate.swift in Sources */,
			);
			runOnlyForDeploymentPostprocessing = 0;
		};
		2A1ED5A71C500E900082E4FF /* Sources */ = {
			isa = PBXSourcesBuildPhase;
			buildActionMask = 2147483647;
			files = (
				2A1ED5B01C500E900082E4FF /* ParseProjectTests.swift in Sources */,
			);
			runOnlyForDeploymentPostprocessing = 0;
		};
		2A1ED5B21C500E900082E4FF /* Sources */ = {
			isa = PBXSourcesBuildPhase;
			buildActionMask = 2147483647;
			files = (
				2A1ED5BB1C500E910082E4FF /* ParseProjectUITests.swift in Sources */,
			);
			runOnlyForDeploymentPostprocessing = 0;
		};
/* End PBXSourcesBuildPhase section */

/* Begin PBXTargetDependency section */
		2A1ED5AD1C500E900082E4FF /* PBXTargetDependency */ = {
			isa = PBXTargetDependency;
			target = 2A1ED5961C500E900082E4FF /* ParseProject */;
			targetProxy = 2A1ED5AC1C500E900082E4FF /* PBXContainerItemProxy */;
		};
		2A1ED5B81C500E900082E4FF /* PBXTargetDependency */ = {
			isa = PBXTargetDependency;
			target = 2A1ED5961C500E900082E4FF /* ParseProject */;
			targetProxy = 2A1ED5B71C500E900082E4FF /* PBXContainerItemProxy */;
		};
/* End PBXTargetDependency section */

/* Begin PBXVariantGroup section */
		2A1ED59E1C500E900082E4FF /* Main.storyboard */ = {
			isa = PBXVariantGroup;
			children = (
				2A1ED59F1C500E900082E4FF /* Base */,
			);
			name = Main.storyboard;
			sourceTree = "<group>";
		};
		2A1ED5A31C500E900082E4FF /* LaunchScreen.storyboard */ = {
			isa = PBXVariantGroup;
			children = (
				2A1ED5A41C500E900082E4FF /* Base */,
			);
			name = LaunchScreen.storyboard;
			sourceTree = "<group>";
		};
/* End PBXVariantGroup section */

/* Begin XCBuildConfiguration section */
		2A1ED5BD1C500E910082E4FF /* Debug */ = {
			isa = XCBuildConfiguration;
			buildSettings = {
				ALWAYS_SEARCH_USER_PATHS = NO;
				CLANG_CXX_LANGUAGE_STANDARD = "gnu++0x";
				CLANG_CXX_LIBRARY = "libc++";
				CLANG_ENABLE_MODULES = YES;
				CLANG_ENABLE_OBJC_ARC = YES;
				CLANG_WARN_BOOL_CONVERSION = YES;
				CLANG_WARN_CONSTANT_CONVERSION = YES;
				CLANG_WARN_DIRECT_OBJC_ISA_USAGE = YES_ERROR;
				CLANG_WARN_EMPTY_BODY = YES;
				CLANG_WARN_ENUM_CONVERSION = YES;
				CLANG_WARN_INT_CONVERSION = YES;
				CLANG_WARN_OBJC_ROOT_CLASS = YES_ERROR;
				CLANG_WARN_UNREACHABLE_CODE = YES;
				CLANG_WARN__DUPLICATE_METHOD_MATCH = YES;
				"CODE_SIGN_IDENTITY[sdk=iphoneos*]" = "iPhone Developer";
				COPY_PHASE_STRIP = NO;
				DEBUG_INFORMATION_FORMAT = dwarf;
				ENABLE_STRICT_OBJC_MSGSEND = YES;
				ENABLE_TESTABILITY = YES;
				GCC_C_LANGUAGE_STANDARD = gnu99;
				GCC_DYNAMIC_NO_PIC = NO;
				GCC_NO_COMMON_BLOCKS = YES;
				GCC_OPTIMIZATION_LEVEL = 0;
				GCC_PREPROCESSOR_DEFINITIONS = (
					"DEBUG=1",
					"$(inherited)",
				);
				GCC_WARN_64_TO_32_BIT_CONVERSION = YES;
				GCC_WARN_ABOUT_RETURN_TYPE = YES_ERROR;
				GCC_WARN_UNDECLARED_SELECTOR = YES;
				GCC_WARN_UNINITIALIZED_AUTOS = YES_AGGRESSIVE;
				GCC_WARN_UNUSED_FUNCTION = YES;
				GCC_WARN_UNUSED_VARIABLE = YES;
				IPHONEOS_DEPLOYMENT_TARGET = 9.2;
				MTL_ENABLE_DEBUG_INFO = YES;
				ONLY_ACTIVE_ARCH = YES;
				SDKROOT = iphoneos;
				SWIFT_OPTIMIZATION_LEVEL = "-Onone";
			};
			name = Debug;
		};
		2A1ED5BE1C500E910082E4FF /* Release */ = {
			isa = XCBuildConfiguration;
			buildSettings = {
				ALWAYS_SEARCH_USER_PATHS = NO;
				CLANG_CXX_LANGUAGE_STANDARD = "gnu++0x";
				CLANG_CXX_LIBRARY = "libc++";
				CLANG_ENABLE_MODULES = YES;
				CLANG_ENABLE_OBJC_ARC = YES;
				CLANG_WARN_BOOL_CONVERSION = YES;
				CLANG_WARN_CONSTANT_CONVERSION = YES;
				CLANG_WARN_DIRECT_OBJC_ISA_USAGE = YES_ERROR;
				CLANG_WARN_EMPTY_BODY = YES;
				CLANG_WARN_ENUM_CONVERSION = YES;
				CLANG_WARN_INT_CONVERSION = YES;
				CLANG_WARN_OBJC_ROOT_CLASS = YES_ERROR;
				CLANG_WARN_UNREACHABLE_CODE = YES;
				CLANG_WARN__DUPLICATE_METHOD_MATCH = YES;
				"CODE_SIGN_IDENTITY[sdk=iphoneos*]" = "iPhone Developer";
				COPY_PHASE_STRIP = NO;
				DEBUG_INFORMATION_FORMAT = "dwarf-with-dsym";
				ENABLE_NS_ASSERTIONS = NO;
				ENABLE_STRICT_OBJC_MSGSEND = YES;
				GCC_C_LANGUAGE_STANDARD = gnu99;
				GCC_NO_COMMON_BLOCKS = YES;
				GCC_WARN_64_TO_32_BIT_CONVERSION = YES;
				GCC_WARN_ABOUT_RETURN_TYPE = YES_ERROR;
				GCC_WARN_UNDECLARED_SELECTOR = YES;
				GCC_WARN_UNINITIALIZED_AUTOS = YES_AGGRESSIVE;
				GCC_WARN_UNUSED_FUNCTION = YES;
				GCC_WARN_UNUSED_VARIABLE = YES;
				IPHONEOS_DEPLOYMENT_TARGET = 9.2;
				MTL_ENABLE_DEBUG_INFO = NO;
				SDKROOT = iphoneos;
				VALIDATE_PRODUCT = YES;
			};
			name = Release;
		};
		2A1ED5C01C500E910082E4FF /* Debug */ = {
			isa = XCBuildConfiguration;
			buildSettings = {
				ASSETCATALOG_COMPILER_APPICON_NAME = AppIcon;
				CODE_SIGN_IDENTITY = "iPhone Developer";
				"CODE_SIGN_IDENTITY[sdk=iphoneos*]" = "iPhone Developer";
				FRAMEWORK_SEARCH_PATHS = (
					"$(inherited)",
					"$(PROJECT_DIR)",
				);
				INFOPLIST_FILE = ParseProject/Info.plist;
				LD_RUNPATH_SEARCH_PATHS = "$(inherited) @executable_path/Frameworks";
				PRODUCT_BUNDLE_IDENTIFIER = IBM.ParseProject;
				PRODUCT_NAME = "$(TARGET_NAME)";
				PROVISIONING_PROFILE = "";
			};
			name = Debug;
		};
		2A1ED5C11C500E910082E4FF /* Release */ = {
			isa = XCBuildConfiguration;
			buildSettings = {
				ASSETCATALOG_COMPILER_APPICON_NAME = AppIcon;
				CODE_SIGN_IDENTITY = "iPhone Developer";
				"CODE_SIGN_IDENTITY[sdk=iphoneos*]" = "iPhone Developer";
				FRAMEWORK_SEARCH_PATHS = (
					"$(inherited)",
					"$(PROJECT_DIR)",
				);
				INFOPLIST_FILE = ParseProject/Info.plist;
				LD_RUNPATH_SEARCH_PATHS = "$(inherited) @executable_path/Frameworks";
				PRODUCT_BUNDLE_IDENTIFIER = IBM.ParseProject;
				PRODUCT_NAME = "$(TARGET_NAME)";
				PROVISIONING_PROFILE = "";
			};
			name = Release;
		};
		2A1ED5C31C500E910082E4FF /* Debug */ = {
			isa = XCBuildConfiguration;
			buildSettings = {
				BUNDLE_LOADER = "$(TEST_HOST)";
				INFOPLIST_FILE = ParseProjectTests/Info.plist;
				LD_RUNPATH_SEARCH_PATHS = "$(inherited) @executable_path/Frameworks @loader_path/Frameworks";
				PRODUCT_BUNDLE_IDENTIFIER = IBM.ParseProjectTests;
				PRODUCT_NAME = "$(TARGET_NAME)";
				TEST_HOST = "$(BUILT_PRODUCTS_DIR)/ParseProject.app/ParseProject";
			};
			name = Debug;
		};
		2A1ED5C41C500E910082E4FF /* Release */ = {
			isa = XCBuildConfiguration;
			buildSettings = {
				BUNDLE_LOADER = "$(TEST_HOST)";
				INFOPLIST_FILE = ParseProjectTests/Info.plist;
				LD_RUNPATH_SEARCH_PATHS = "$(inherited) @executable_path/Frameworks @loader_path/Frameworks";
				PRODUCT_BUNDLE_IDENTIFIER = IBM.ParseProjectTests;
				PRODUCT_NAME = "$(TARGET_NAME)";
				TEST_HOST = "$(BUILT_PRODUCTS_DIR)/ParseProject.app/ParseProject";
			};
			name = Release;
		};
		2A1ED5C61C500E910082E4FF /* Debug */ = {
			isa = XCBuildConfiguration;
			buildSettings = {
				INFOPLIST_FILE = ParseProjectUITests/Info.plist;
				LD_RUNPATH_SEARCH_PATHS = "$(inherited) @executable_path/Frameworks @loader_path/Frameworks";
				PRODUCT_BUNDLE_IDENTIFIER = IBM.ParseProjectUITests;
				PRODUCT_NAME = "$(TARGET_NAME)";
				TEST_TARGET_NAME = ParseProject;
				USES_XCTRUNNER = YES;
			};
			name = Debug;
		};
		2A1ED5C71C500E910082E4FF /* Release */ = {
			isa = XCBuildConfiguration;
			buildSettings = {
				INFOPLIST_FILE = ParseProjectUITests/Info.plist;
				LD_RUNPATH_SEARCH_PATHS = "$(inherited) @executable_path/Frameworks @loader_path/Frameworks";
				PRODUCT_BUNDLE_IDENTIFIER = IBM.ParseProjectUITests;
				PRODUCT_NAME = "$(TARGET_NAME)";
				TEST_TARGET_NAME = ParseProject;
				USES_XCTRUNNER = YES;
			};
			name = Release;
		};
/* End XCBuildConfiguration section */

/* Begin XCConfigurationList section */
		2A1ED5921C500E900082E4FF /* Build configuration list for PBXProject "ParseProject" */ = {
			isa = XCConfigurationList;
			buildConfigurations = (
				2A1ED5BD1C500E910082E4FF /* Debug */,
				2A1ED5BE1C500E910082E4FF /* Release */,
			);
			defaultConfigurationIsVisible = 0;
			defaultConfigurationName = Release;
		};
		2A1ED5BF1C500E910082E4FF /* Build configuration list for PBXNativeTarget "ParseProject" */ = {
			isa = XCConfigurationList;
			buildConfigurations = (
				2A1ED5C01C500E910082E4FF /* Debug */,
				2A1ED5C11C500E910082E4FF /* Release */,
			);
			defaultConfigurationIsVisible = 0;
			defaultConfigurationName = Release;
		};
		2A1ED5C21C500E910082E4FF /* Build configuration list for PBXNativeTarget "ParseProjectTests" */ = {
			isa = XCConfigurationList;
			buildConfigurations = (
				2A1ED5C31C500E910082E4FF /* Debug */,
				2A1ED5C41C500E910082E4FF /* Release */,
			);
			defaultConfigurationIsVisible = 0;
			defaultConfigurationName = Release;
		};
		2A1ED5C51C500E910082E4FF /* Build configuration list for PBXNativeTarget "ParseProjectUITests" */ = {
			isa = XCConfigurationList;
			buildConfigurations = (
				2A1ED5C61C500E910082E4FF /* Debug */,
				2A1ED5C71C500E910082E4FF /* Release */,
			);
			defaultConfigurationIsVisible = 0;
			defaultConfigurationName = Release;
		};
/* End XCConfigurationList section */
	};
	rootObject = 2A1ED58F1C500E900082E4FF /* Project object */;
}
